// !$*UTF8*$!
{
	archiveVersion = 1;
	classes = {
	};
	objectVersion = 50;
	objects = {

/* Begin PBXBuildFile section */
		8286C905229397E1008B1AB5 /* TableViewController.swift in Sources */ = {isa = PBXBuildFile; fileRef = 8286C904229397E1008B1AB5 /* TableViewController.swift */; };
		8286C9072294D9F9008B1AB5 /* AddMovieViewController.swift in Sources */ = {isa = PBXBuildFile; fileRef = 8286C9062294D9F9008B1AB5 /* AddMovieViewController.swift */; };
		82DB320222A4AF8600383104 /* CoreDataStack.swift in Sources */ = {isa = PBXBuildFile; fileRef = 82DB320122A4AF8600383104 /* CoreDataStack.swift */; };
		82F1AAD72293841F00962096 /* AppDelegate.swift in Sources */ = {isa = PBXBuildFile; fileRef = 82F1AAD62293841F00962096 /* AppDelegate.swift */; };
		82F1AADC2293841F00962096 /* Main.storyboard in Resources */ = {isa = PBXBuildFile; fileRef = 82F1AADA2293841F00962096 /* Main.storyboard */; };
		82F1AADF2293841F00962096 /* CoreMovies.xcdatamodeld in Sources */ = {isa = PBXBuildFile; fileRef = 82F1AADD2293841F00962096 /* CoreMovies.xcdatamodeld */; };
		82F1AAE12293842200962096 /* Assets.xcassets in Resources */ = {isa = PBXBuildFile; fileRef = 82F1AAE02293842200962096 /* Assets.xcassets */; };
		82F1AAE42293842200962096 /* LaunchScreen.storyboard in Resources */ = {isa = PBXBuildFile; fileRef = 82F1AAE22293842200962096 /* LaunchScreen.storyboard */; };
/* End PBXBuildFile section */

/* Begin PBXFileReference section */
		8286C904229397E1008B1AB5 /* TableViewController.swift */ = {isa = PBXFileReference; lastKnownFileType = sourcecode.swift; path = TableViewController.swift; sourceTree = "<group>"; };
		8286C9062294D9F9008B1AB5 /* AddMovieViewController.swift */ = {isa = PBXFileReference; lastKnownFileType = sourcecode.swift; path = AddMovieViewController.swift; sourceTree = "<group>"; };
		82DB320122A4AF8600383104 /* CoreDataStack.swift */ = {isa = PBXFileReference; lastKnownFileType = sourcecode.swift; path = CoreDataStack.swift; sourceTree = "<group>"; };
		82F1AAD32293841F00962096 /* CoreMovies.app */ = {isa = PBXFileReference; explicitFileType = wrapper.application; includeInIndex = 0; path = CoreMovies.app; sourceTree = BUILT_PRODUCTS_DIR; };
		82F1AAD62293841F00962096 /* AppDelegate.swift */ = {isa = PBXFileReference; lastKnownFileType = sourcecode.swift; path = AppDelegate.swift; sourceTree = "<group>"; };
		82F1AADB2293841F00962096 /* Base */ = {isa = PBXFileReference; lastKnownFileType = file.storyboard; name = Base; path = Base.lproj/Main.storyboard; sourceTree = "<group>"; };
		82F1AADE2293841F00962096 /* CoreMovies.xcdatamodel */ = {isa = PBXFileReference; lastKnownFileType = wrapper.xcdatamodel; path = CoreMovies.xcdatamodel; sourceTree = "<group>"; };
		82F1AAE02293842200962096 /* Assets.xcassets */ = {isa = PBXFileReference; lastKnownFileType = folder.assetcatalog; path = Assets.xcassets; sourceTree = "<group>"; };
		82F1AAE32293842200962096 /* Base */ = {isa = PBXFileReference; lastKnownFileType = file.storyboard; name = Base; path = Base.lproj/LaunchScreen.storyboard; sourceTree = "<group>"; };
		82F1AAE52293842200962096 /* Info.plist */ = {isa = PBXFileReference; lastKnownFileType = text.plist.xml; path = Info.plist; sourceTree = "<group>"; };
/* End PBXFileReference section */

/* Begin PBXFrameworksBuildPhase section */
		82F1AAD02293841F00962096 /* Frameworks */ = {
			isa = PBXFrameworksBuildPhase;
			buildActionMask = 2147483647;
			files = (
			);
			runOnlyForDeploymentPostprocessing = 0;
		};
/* End PBXFrameworksBuildPhase section */

/* Begin PBXGroup section */
		82F1AACA2293841F00962096 = {
			isa = PBXGroup;
			children = (
				82F1AAD52293841F00962096 /* CoreMovies */,
				82F1AAD42293841F00962096 /* Products */,
			);
			sourceTree = "<group>";
		};
		82F1AAD42293841F00962096 /* Products */ = {
			isa = PBXGroup;
			children = (
				82F1AAD32293841F00962096 /* CoreMovies.app */,
			);
			name = Products;
			sourceTree = "<group>";
		};
		82F1AAD52293841F00962096 /* CoreMovies */ = {
			isa = PBXGroup;
			children = (
				82F1AADA2293841F00962096 /* Main.storyboard */,
				82F1AAD62293841F00962096 /* AppDelegate.swift */,
				8286C904229397E1008B1AB5 /* TableViewController.swift */,
				8286C9062294D9F9008B1AB5 /* AddMovieViewController.swift */,
				82DB320122A4AF8600383104 /* CoreDataStack.swift */,
				82F1AAE02293842200962096 /* Assets.xcassets */,
				82F1AAE22293842200962096 /* LaunchScreen.storyboard */,
				82F1AAE52293842200962096 /* Info.plist */,
				82F1AADD2293841F00962096 /* CoreMovies.xcdatamodeld */,
			);
			path = CoreMovies;
			sourceTree = "<group>";
		};
/* End PBXGroup section */

/* Begin PBXNativeTarget section */
		82F1AAD22293841F00962096 /* CoreMovies */ = {
			isa = PBXNativeTarget;
			buildConfigurationList = 82F1AAE82293842200962096 /* Build configuration list for PBXNativeTarget "CoreMovies" */;
			buildPhases = (
				82F1AACF2293841F00962096 /* Sources */,
				82F1AAD02293841F00962096 /* Frameworks */,
				82F1AAD12293841F00962096 /* Resources */,
			);
			buildRules = (
			);
			dependencies = (
			);
			name = CoreMovies;
			productName = CoreMovies;
			productReference = 82F1AAD32293841F00962096 /* CoreMovies.app */;
			productType = "com.apple.product-type.application";
		};
/* End PBXNativeTarget section */

/* Begin PBXProject section */
		82F1AACB2293841F00962096 /* Project object */ = {
			isa = PBXProject;
			attributes = {
				LastSwiftUpdateCheck = 1020;
				LastUpgradeCheck = 1020;
				ORGANIZATIONNAME = appcat.com;
				TargetAttributes = {
					82F1AAD22293841F00962096 = {
						CreatedOnToolsVersion = 10.2.1;
					};
				};
			};
			buildConfigurationList = 82F1AACE2293841F00962096 /* Build configuration list for PBXProject "CoreMovies" */;
			compatibilityVersion = "Xcode 9.3";
			developmentRegion = en;
			hasScannedForEncodings = 0;
			knownRegions = (
				en,
				Base,
			);
			mainGroup = 82F1AACA2293841F00962096;
			productRefGroup = 82F1AAD42293841F00962096 /* Products */;
			projectDirPath = "";
			projectRoot = "";
			targets = (
				82F1AAD22293841F00962096 /* CoreMovies */,
			);
		};
/* End PBXProject section */

/* Begin PBXResourcesBuildPhase section */
		82F1AAD12293841F00962096 /* Resources */ = {
			isa = PBXResourcesBuildPhase;
			buildActionMask = 2147483647;
			files = (
				82F1AAE42293842200962096 /* LaunchScreen.storyboard in Resources */,
				82F1AAE12293842200962096 /* Assets.xcassets in Resources */,
				82F1AADC2293841F00962096 /* Main.storyboard in Resources */,
			);
			runOnlyForDeploymentPostprocessing = 0;
		};
/* End PBXResourcesBuildPhase section */

/* Begin PBXSourcesBuildPhase section */
		82F1AACF2293841F00962096 /* Sources */ = {
			isa = PBXSourcesBuildPhase;
			buildActionMask = 2147483647;
			files = (
				82DB320222A4AF8600383104 /* CoreDataStack.swift in Sources */,
				82F1AADF2293841F00962096 /* CoreMovies.xcdatamodeld in Sources */,
				8286C905229397E1008B1AB5 /* TableViewController.swift in Sources */,
				82F1AAD72293841F00962096 /* AppDelegate.swift in Sources */,
				8286C9072294D9F9008B1AB5 /* AddMovieViewController.swift in Sources */,
			);
			runOnlyForDeploymentPostprocessing = 0;
		};
/* End PBXSourcesBuildPhase section */

/* Begin PBXVariantGroup section */
		82F1AADA2293841F00962096 /* Main.storyboard */ = {
			isa = PBXVariantGroup;
			children = (
				82F1AADB2293841F00962096 /* Base */,
			);
			name = Main.storyboard;
			sourceTree = "<group>";
		};
		82F1AAE22293842200962096 /* LaunchScreen.storyboard */ = {
			isa = PBXVariantGroup;
			children = (
				82F1AAE32293842200962096 /* Base */,
			);
			name = LaunchScreen.storyboard;
			sourceTree = "<group>";
		};
/* End PBXVariantGroup section */

/* Begin XCBuildConfiguration section */
		82F1AAE62293842200962096 /* Debug */ = {
			isa = XCBuildConfiguration;
			buildSettings = {
				ALWAYS_SEARCH_USER_PATHS = NO;
				CLANG_ANALYZER_NONNULL = YES;
				CLANG_ANALYZER_NUMBER_OBJECT_CONVERSION = YES_AGGRESSIVE;
				CLANG_CXX_LANGUAGE_STANDARD = "gnu++14";
				CLANG_CXX_LIBRARY = "libc++";
				CLANG_ENABLE_MODULES = YES;
				CLANG_ENABLE_OBJC_ARC = YES;
				CLANG_ENABLE_OBJC_WEAK = YES;
				CLANG_WARN_BLOCK_CAPTURE_AUTORELEASING = YES;
				CLANG_WARN_BOOL_CONVERSION = YES;
				CLANG_WARN_COMMA = YES;
				CLANG_WARN_CONSTANT_CONVERSION = YES;
				CLANG_WARN_DEPRECATED_OBJC_IMPLEMENTATIONS = YES;
				CLANG_WARN_DIRECT_OBJC_ISA_USAGE = YES_ERROR;
				CLANG_WARN_DOCUMENTATION_COMMENTS = YES;
				CLANG_WARN_EMPTY_BODY = YES;
				CLANG_WARN_ENUM_CONVERSION = YES;
				CLANG_WARN_INFINITE_RECURSION = YES;
				CLANG_WARN_INT_CONVERSION = YES;
				CLANG_WARN_NON_LITERAL_NULL_CONVERSION = YES;
				CLANG_WARN_OBJC_IMPLICIT_RETAIN_SELF = YES;
				CLANG_WARN_OBJC_LITERAL_CONVERSION = YES;
				CLANG_WARN_OBJC_ROOT_CLASS = YES_ERROR;
				CLANG_WARN_RANGE_LOOP_ANALYSIS = YES;
				CLANG_WARN_STRICT_PROTOTYPES = YES;
				CLANG_WARN_SUSPICIOUS_MOVE = YES;
				CLANG_WARN_UNGUARDED_AVAILABILITY = YES_AGGRESSIVE;
				CLANG_WARN_UNREACHABLE_CODE = YES;
				CLANG_WARN__DUPLICATE_METHOD_MATCH = YES;
				CODE_SIGN_IDENTITY = "iPhone Developer";
				COPY_PHASE_STRIP = NO;
				DEBUG_INFORMATION_FORMAT = dwarf;
				ENABLE_STRICT_OBJC_MSGSEND = YES;
				ENABLE_TESTABILITY = YES;
				GCC_C_LANGUAGE_STANDARD = gnu11;
				GCC_DYNAMIC_NO_PIC = NO;
				GCC_NO_COMMON_BLOCKS = YES;
				GCC_OPTIMIZATION_LEVEL = 0;
				GCC_PREPROCESSOR_DEFINITIONS = (
					"DEBUG=1",
					"$(inherited)",
				);
				GCC_WARN_64_TO_32_BIT_CONVERSION = YES;
				GCC_WARN_ABOUT_RETURN_TYPE = YES_ERROR;
				GCC_WARN_UNDECLARED_SELECTOR = YES;
				GCC_WARN_UNINITIALIZED_AUTOS = YES_AGGRESSIVE;
				GCC_WARN_UNUSED_FUNCTION = YES;
				GCC_WARN_UNUSED_VARIABLE = YES;
				IPHONEOS_DEPLOYMENT_TARGET = 12.2;
				MTL_ENABLE_DEBUG_INFO = INCLUDE_SOURCE;
				MTL_FAST_MATH = YES;
				ONLY_ACTIVE_ARCH = YES;
				SDKROOT = iphoneos;
				SWIFT_ACTIVE_COMPILATION_CONDITIONS = DEBUG;
				SWIFT_OPTIMIZATION_LEVEL = "-Onone";
			};
			name = Debug;
		};
		82F1AAE72293842200962096 /* Release */ = {
			isa = XCBuildConfiguration;
			buildSettings = {
				ALWAYS_SEARCH_USER_PATHS = NO;
				CLANG_ANALYZER_NONNULL = YES;
				CLANG_ANALYZER_NUMBER_OBJECT_CONVERSION = YES_AGGRESSIVE;
				CLANG_CXX_LANGUAGE_STANDARD = "gnu++14";
				CLANG_CXX_LIBRARY = "libc++";
				CLANG_ENABLE_MODULES = YES;
				CLANG_ENABLE_OBJC_ARC = YES;
				CLANG_ENABLE_OBJC_WEAK = YES;
				CLANG_WARN_BLOCK_CAPTURE_AUTORELEASING = YES;
				CLANG_WARN_BOOL_CONVERSION = YES;
				CLANG_WARN_COMMA = YES;
				CLANG_WARN_CONSTANT_CONVERSION = YES;
				CLANG_WARN_DEPRECATED_OBJC_IMPLEMENTATIONS = YES;
				CLANG_WARN_DIRECT_OBJC_ISA_USAGE = YES_ERROR;
				CLANG_WARN_DOCUMENTATION_COMMENTS = YES;
				CLANG_WARN_EMPTY_BODY = YES;
				CLANG_WARN_ENUM_CONVERSION = YES;
				CLANG_WARN_INFINITE_RECURSION = YES;
				CLANG_WARN_INT_CONVERSION = YES;
				CLANG_WARN_NON_LITERAL_NULL_CONVERSION = YES;
				CLANG_WARN_OBJC_IMPLICIT_RETAIN_SELF = YES;
				CLANG_WARN_OBJC_LITERAL_CONVERSION = YES;
				CLANG_WARN_OBJC_ROOT_CLASS = YES_ERROR;
				CLANG_WARN_RANGE_LOOP_ANALYSIS = YES;
				CLANG_WARN_STRICT_PROTOTYPES = YES;
				CLANG_WARN_SUSPICIOUS_MOVE = YES;
				CLANG_WARN_UNGUARDED_AVAILABILITY = YES_AGGRESSIVE;
				CLANG_WARN_UNREACHABLE_CODE = YES;
				CLANG_WARN__DUPLICATE_METHOD_MATCH = YES;
				CODE_SIGN_IDENTITY = "iPhone Developer";
				COPY_PHASE_STRIP = NO;
				DEBUG_INFORMATION_FORMAT = "dwarf-with-dsym";
				ENABLE_NS_ASSERTIONS = NO;
				ENABLE_STRICT_OBJC_MSGSEND = YES;
				GCC_C_LANGUAGE_STANDARD = gnu11;
				GCC_NO_COMMON_BLOCKS = YES;
				GCC_WARN_64_TO_32_BIT_CONVERSION = YES;
				GCC_WARN_ABOUT_RETURN_TYPE = YES_ERROR;
				GCC_WARN_UNDECLARED_SELECTOR = YES;
				GCC_WARN_UNINITIALIZED_AUTOS = YES_AGGRESSIVE;
				GCC_WARN_UNUSED_FUNCTION = YES;
				GCC_WARN_UNUSED_VARIABLE = YES;
				IPHONEOS_DEPLOYMENT_TARGET = 12.2;
				MTL_ENABLE_DEBUG_INFO = NO;
				MTL_FAST_MATH = YES;
				SDKROOT = iphoneos;
				SWIFT_COMPILATION_MODE = wholemodule;
				SWIFT_OPTIMIZATION_LEVEL = "-O";
				VALIDATE_PRODUCT = YES;
			};
			name = Release;
		};
		82F1AAE92293842200962096 /* Debug */ = {
			isa = XCBuildConfiguration;
			buildSettings = {
				ASSETCATALOG_COMPILER_APPICON_NAME = AppIcon;
				CODE_SIGN_STYLE = Automatic;
				DEVELOPMENT_TEAM = XS84DW642G;
				INFOPLIST_FILE = CoreMovies/Info.plist;
				IPHONEOS_DEPLOYMENT_TARGET = 12.2;
				LD_RUNPATH_SEARCH_PATHS = (
					"$(inherited)",
					"@executable_path/Frameworks",
				);
				PRODUCT_BUNDLE_IDENTIFIER = com.appcat.CoreMovies;
				PRODUCT_NAME = "$(TARGET_NAME)";
				SWIFT_VERSION = 5.0;
				TARGETED_DEVICE_FAMILY = 1;
			};
			name = Debug;
		};
		82F1AAEA2293842200962096 /* Release */ = {
			isa = XCBuildConfiguration;
			buildSettings = {
				ASSETCATALOG_COMPILER_APPICON_NAME = AppIcon;
				CODE_SIGN_STYLE = Automatic;
				DEVELOPMENT_TEAM = XS84DW642G;
				INFOPLIST_FILE = CoreMovies/Info.plist;
				IPHONEOS_DEPLOYMENT_TARGET = 12.2;
				LD_RUNPATH_SEARCH_PATHS = (
					"$(inherited)",
					"@executable_path/Frameworks",
				);
				PRODUCT_BUNDLE_IDENTIFIER = com.appcat.CoreMovies;
				PRODUCT_NAME = "$(TARGET_NAME)";
				SWIFT_VERSION = 5.0;
				TARGETED_DEVICE_FAMILY = 1;
			};
			name = Release;
		};
/* End XCBuildConfiguration section */

/* Begin XCConfigurationList section */
		82F1AACE2293841F00962096 /* Build configuration list for PBXProject "CoreMovies" */ = {
			isa = XCConfigurationList;
			buildConfigurations = (
				82F1AAE62293842200962096 /* Debug */,
				82F1AAE72293842200962096 /* Release */,
			);
			defaultConfigurationIsVisible = 0;
			defaultConfigurationName = Release;
		};
		82F1AAE82293842200962096 /* Build configuration list for PBXNativeTarget "CoreMovies" */ = {
			isa = XCConfigurationList;
			buildConfigurations = (
				82F1AAE92293842200962096 /* Debug */,
				82F1AAEA2293842200962096 /* Release */,
			);
			defaultConfigurationIsVisible = 0;
			defaultConfigurationName = Release;
		};
/* End XCConfigurationList section */

/* Begin XCVersionGroup section */
		82F1AADD2293841F00962096 /* CoreMovies.xcdatamodeld */ = {
			isa = XCVersionGroup;
			children = (
				82F1AADE2293841F00962096 /* CoreMovies.xcdatamodel */,
			);
			currentVersion = 82F1AADE2293841F00962096 /* CoreMovies.xcdatamodel */;
			path = CoreMovies.xcdatamodeld;
			sourceTree = "<group>";
			versionGroupType = wrapper.xcdatamodel;
		};
/* End XCVersionGroup section */
	};
	rootObject = 82F1AACB2293841F00962096 /* Project object */;
}
